// !$*UTF8*$!
{
	archiveVersion = 1;
	classes = {
	};
	objectVersion = 51;
	objects = {

/* Begin PBXBuildFile section */
		3D087160231F524D00CBD3AB /* InputTextController.swift in Sources */ = {isa = PBXBuildFile; fileRef = 3D08715F231F524D00CBD3AB /* InputTextController.swift */; };
		3D497C6B2339B7A800437B97 /* Colors.swift in Sources */ = {isa = PBXBuildFile; fileRef = 3D497C6A2339B7A800437B97 /* Colors.swift */; };
		3D5448A8234ADC9E00B50888 /* ReadingChoicesViewController.swift in Sources */ = {isa = PBXBuildFile; fileRef = 3D5448A7234ADC9E00B50888 /* ReadingChoicesViewController.swift */; };
		3D8D3667234EC554001DFFA8 /* SpeechRecognizer.swift in Sources */ = {isa = PBXBuildFile; fileRef = 3D8D3666234EC554001DFFA8 /* SpeechRecognizer.swift */; };
		3D8FF22523174EA300E51F09 /* AppDelegate.swift in Sources */ = {isa = PBXBuildFile; fileRef = 3D8FF22423174EA300E51F09 /* AppDelegate.swift */; };
		3D8FF22C23174EA400E51F09 /* Assets.xcassets in Resources */ = {isa = PBXBuildFile; fileRef = 3D8FF22B23174EA400E51F09 /* Assets.xcassets */; };
		3D8FF22F23174EA400E51F09 /* LaunchScreen.storyboard in Resources */ = {isa = PBXBuildFile; fileRef = 3D8FF22D23174EA400E51F09 /* LaunchScreen.storyboard */; };
		3D8FF23723174F1700E51F09 /* SpeechViewController.swift in Sources */ = {isa = PBXBuildFile; fileRef = 3D8FF23623174F1700E51F09 /* SpeechViewController.swift */; };
		3D8FF2392318AA4E00E51F09 /* ScanViewController.swift in Sources */ = {isa = PBXBuildFile; fileRef = 3D8FF2382318AA4E00E51F09 /* ScanViewController.swift */; };
		3DA7D02E231CE1F00092A9F0 /* SpeedReadViewController.swift in Sources */ = {isa = PBXBuildFile; fileRef = 3DA7D02D231CE1F00092A9F0 /* SpeedReadViewController.swift */; };
		3DBE9784232E8D0200077C36 /* CustomButton.swift in Sources */ = {isa = PBXBuildFile; fileRef = 3DBE9783232E8D0200077C36 /* CustomButton.swift */; };
		3DE081EA232B5D85009D3680 /* ReadViewController.swift in Sources */ = {isa = PBXBuildFile; fileRef = 3DE081E9232B5D85009D3680 /* ReadViewController.swift */; };
		3DE0EA1E234C0E0400990D37 /* Pods_Reader.framework in Frameworks */ = {isa = PBXBuildFile; fileRef = 531830F23B850379CA43C99C /* Pods_Reader.framework */; };
		3DE0EA1F234C0E0400990D37 /* Pods_Reader.framework in Embed Frameworks */ = {isa = PBXBuildFile; fileRef = 531830F23B850379CA43C99C /* Pods_Reader.framework */; settings = {ATTRIBUTES = (CodeSignOnCopy, RemoveHeadersOnCopy, ); }; };
		3DF510FC231C7F02002CEF5B /* GoogleService-Info.plist in Resources */ = {isa = PBXBuildFile; fileRef = 3DF510FB231C7F02002CEF5B /* GoogleService-Info.plist */; };
/* End PBXBuildFile section */

/* Begin PBXCopyFilesBuildPhase section */
		3DE0EA20234C0E0400990D37 /* Embed Frameworks */ = {
			isa = PBXCopyFilesBuildPhase;
			buildActionMask = 2147483647;
			dstPath = "";
			dstSubfolderSpec = 10;
			files = (
				3DE0EA1F234C0E0400990D37 /* Pods_Reader.framework in Embed Frameworks */,
			);
			name = "Embed Frameworks";
			runOnlyForDeploymentPostprocessing = 0;
		};
/* End PBXCopyFilesBuildPhase section */

/* Begin PBXFileReference section */
		3D08715F231F524D00CBD3AB /* InputTextController.swift */ = {isa = PBXFileReference; lastKnownFileType = sourcecode.swift; path = InputTextController.swift; sourceTree = "<group>"; };
		3D497C6A2339B7A800437B97 /* Colors.swift */ = {isa = PBXFileReference; lastKnownFileType = sourcecode.swift; path = Colors.swift; sourceTree = "<group>"; };
		3D5448A7234ADC9E00B50888 /* ReadingChoicesViewController.swift */ = {isa = PBXFileReference; lastKnownFileType = sourcecode.swift; path = ReadingChoicesViewController.swift; sourceTree = "<group>"; };
		3D8D3666234EC554001DFFA8 /* SpeechRecognizer.swift */ = {isa = PBXFileReference; lastKnownFileType = sourcecode.swift; path = SpeechRecognizer.swift; sourceTree = "<group>"; };
		3D8FF22123174EA300E51F09 /* SmartRead.app */ = {isa = PBXFileReference; explicitFileType = wrapper.application; includeInIndex = 0; path = SmartRead.app; sourceTree = BUILT_PRODUCTS_DIR; };
		3D8FF22423174EA300E51F09 /* AppDelegate.swift */ = {isa = PBXFileReference; lastKnownFileType = sourcecode.swift; path = AppDelegate.swift; sourceTree = "<group>"; };
		3D8FF22B23174EA400E51F09 /* Assets.xcassets */ = {isa = PBXFileReference; lastKnownFileType = folder.assetcatalog; path = Assets.xcassets; sourceTree = "<group>"; };
		3D8FF22E23174EA400E51F09 /* Base */ = {isa = PBXFileReference; lastKnownFileType = file.storyboard; name = Base; path = Base.lproj/LaunchScreen.storyboard; sourceTree = "<group>"; };
		3D8FF23023174EA400E51F09 /* Info.plist */ = {isa = PBXFileReference; lastKnownFileType = text.plist.xml; path = Info.plist; sourceTree = "<group>"; };
		3D8FF23623174F1700E51F09 /* SpeechViewController.swift */ = {isa = PBXFileReference; lastKnownFileType = sourcecode.swift; path = SpeechViewController.swift; sourceTree = "<group>"; };
		3D8FF2382318AA4E00E51F09 /* ScanViewController.swift */ = {isa = PBXFileReference; lastKnownFileType = sourcecode.swift; path = ScanViewController.swift; sourceTree = "<group>"; };
		3DA7D02D231CE1F00092A9F0 /* SpeedReadViewController.swift */ = {isa = PBXFileReference; lastKnownFileType = sourcecode.swift; path = SpeedReadViewController.swift; sourceTree = "<group>"; };
		3DBE9783232E8D0200077C36 /* CustomButton.swift */ = {isa = PBXFileReference; lastKnownFileType = sourcecode.swift; path = CustomButton.swift; sourceTree = "<group>"; };
		3DE081E9232B5D85009D3680 /* ReadViewController.swift */ = {isa = PBXFileReference; lastKnownFileType = sourcecode.swift; path = ReadViewController.swift; sourceTree = "<group>"; };
		3DF510FB231C7F02002CEF5B /* GoogleService-Info.plist */ = {isa = PBXFileReference; fileEncoding = 4; lastKnownFileType = text.plist.xml; path = "GoogleService-Info.plist"; sourceTree = "<group>"; };
		531830F23B850379CA43C99C /* Pods_Reader.framework */ = {isa = PBXFileReference; explicitFileType = wrapper.framework; includeInIndex = 0; path = Pods_Reader.framework; sourceTree = BUILT_PRODUCTS_DIR; };
		590479781060737383D8E1F2 /* Pods-Reader.release.xcconfig */ = {isa = PBXFileReference; includeInIndex = 1; lastKnownFileType = text.xcconfig; name = "Pods-Reader.release.xcconfig"; path = "Pods/Target Support Files/Pods-Reader/Pods-Reader.release.xcconfig"; sourceTree = "<group>"; };
		B79ECB19762986EEC5F66A4F /* Pods-Reader.debug.xcconfig */ = {isa = PBXFileReference; includeInIndex = 1; lastKnownFileType = text.xcconfig; name = "Pods-Reader.debug.xcconfig"; path = "Pods/Target Support Files/Pods-Reader/Pods-Reader.debug.xcconfig"; sourceTree = "<group>"; };
/* End PBXFileReference section */

/* Begin PBXFrameworksBuildPhase section */
		3D8FF21E23174EA300E51F09 /* Frameworks */ = {
			isa = PBXFrameworksBuildPhase;
			buildActionMask = 2147483647;
			files = (
				3DE0EA1E234C0E0400990D37 /* Pods_Reader.framework in Frameworks */,
			);
			runOnlyForDeploymentPostprocessing = 0;
		};
/* End PBXFrameworksBuildPhase section */

/* Begin PBXGroup section */
		3D5448A3234ADB1E00B50888 /* SupportFiles */ = {
			isa = PBXGroup;
			children = (
				3D8FF22423174EA300E51F09 /* AppDelegate.swift */,
				3D8FF22B23174EA400E51F09 /* Assets.xcassets */,
				3DF510FB231C7F02002CEF5B /* GoogleService-Info.plist */,
				3D8FF22D23174EA400E51F09 /* LaunchScreen.storyboard */,
			);
			path = SupportFiles;
			sourceTree = "<group>";
		};
		3D5448A4234ADB3A00B50888 /* Controllers */ = {
			isa = PBXGroup;
			children = (
				3D08715F231F524D00CBD3AB /* InputTextController.swift */,
				3D8D3666234EC554001DFFA8 /* SpeechRecognizer.swift */,
				3D5448A7234ADC9E00B50888 /* ReadingChoicesViewController.swift */,
				3DE081E9232B5D85009D3680 /* ReadViewController.swift */,
				3DA7D02D231CE1F00092A9F0 /* SpeedReadViewController.swift */,
				3D8FF23623174F1700E51F09 /* SpeechViewController.swift */,
				3D8FF2382318AA4E00E51F09 /* ScanViewController.swift */,
			);
			path = Controllers;
			sourceTree = "<group>";
		};
		3D5448A5234ADB5900B50888 /* Models */ = {
			isa = PBXGroup;
			children = (
				3D497C6A2339B7A800437B97 /* Colors.swift */,
			);
			path = Models;
			sourceTree = "<group>";
		};
		3D5448A6234ADB6A00B50888 /* Views */ = {
			isa = PBXGroup;
			children = (
				3DBE9783232E8D0200077C36 /* CustomButton.swift */,
			);
			path = Views;
			sourceTree = "<group>";
		};
		3D8FF21823174EA300E51F09 = {
			isa = PBXGroup;
			children = (
				3D8FF22323174EA300E51F09 /* Reader */,
				3D8FF22223174EA300E51F09 /* Products */,
				BE1BB49F5D6CE76F606D3927 /* Pods */,
				9A96179DFF58E9938F7F8C26 /* Frameworks */,
			);
			sourceTree = "<group>";
		};
		3D8FF22223174EA300E51F09 /* Products */ = {
			isa = PBXGroup;
			children = (
				3D8FF22123174EA300E51F09 /* SmartRead.app */,
			);
			name = Products;
			sourceTree = "<group>";
		};
		3D8FF22323174EA300E51F09 /* Reader */ = {
			isa = PBXGroup;
			children = (
				3D8FF23023174EA400E51F09 /* Info.plist */,
				3D5448A3234ADB1E00B50888 /* SupportFiles */,
				3D5448A4234ADB3A00B50888 /* Controllers */,
				3D5448A5234ADB5900B50888 /* Models */,
				3D5448A6234ADB6A00B50888 /* Views */,
			);
			path = Reader;
			sourceTree = "<group>";
		};
		9A96179DFF58E9938F7F8C26 /* Frameworks */ = {
			isa = PBXGroup;
			children = (
				531830F23B850379CA43C99C /* Pods_Reader.framework */,
			);
			name = Frameworks;
			sourceTree = "<group>";
		};
		BE1BB49F5D6CE76F606D3927 /* Pods */ = {
			isa = PBXGroup;
			children = (
				B79ECB19762986EEC5F66A4F /* Pods-Reader.debug.xcconfig */,
				590479781060737383D8E1F2 /* Pods-Reader.release.xcconfig */,
			);
			name = Pods;
			sourceTree = "<group>";
		};
/* End PBXGroup section */

/* Begin PBXNativeTarget section */
		3D8FF22023174EA300E51F09 /* Reader */ = {
			isa = PBXNativeTarget;
			buildConfigurationList = 3D8FF23323174EA400E51F09 /* Build configuration list for PBXNativeTarget "Reader" */;
			buildPhases = (
				4D3EF07F75C5C43FD2CB0D72 /* [CP] Check Pods Manifest.lock */,
				3D8FF21D23174EA300E51F09 /* Sources */,
				3D8FF21E23174EA300E51F09 /* Frameworks */,
				3D8FF21F23174EA300E51F09 /* Resources */,
				BC11F0092DBA10442B164E2E /* [CP] Embed Pods Frameworks */,
				6682EF556AE054D3699A12BF /* [CP] Copy Pods Resources */,
				3DE0EA20234C0E0400990D37 /* Embed Frameworks */,
			);
			buildRules = (
			);
			dependencies = (
			);
			name = Reader;
			productName = Reader;
			productReference = 3D8FF22123174EA300E51F09 /* SmartRead.app */;
			productType = "com.apple.product-type.application";
		};
/* End PBXNativeTarget section */

/* Begin PBXProject section */
		3D8FF21923174EA300E51F09 /* Project object */ = {
			isa = PBXProject;
			attributes = {
				LastSwiftUpdateCheck = 1030;
				LastUpgradeCheck = 1030;
				ORGANIZATIONNAME = "Ryan Schefske";
				TargetAttributes = {
					3D8FF22023174EA300E51F09 = {
						CreatedOnToolsVersion = 10.3;
					};
				};
			};
			buildConfigurationList = 3D8FF21C23174EA300E51F09 /* Build configuration list for PBXProject "Reader" */;
			compatibilityVersion = "Xcode 9.3";
			developmentRegion = en;
			hasScannedForEncodings = 0;
			knownRegions = (
				en,
				Base,
			);
			mainGroup = 3D8FF21823174EA300E51F09;
			productRefGroup = 3D8FF22223174EA300E51F09 /* Products */;
			projectDirPath = "";
			projectRoot = "";
			targets = (
				3D8FF22023174EA300E51F09 /* Reader */,
			);
		};
/* End PBXProject section */

/* Begin PBXResourcesBuildPhase section */
		3D8FF21F23174EA300E51F09 /* Resources */ = {
			isa = PBXResourcesBuildPhase;
			buildActionMask = 2147483647;
			files = (
				3D8FF22F23174EA400E51F09 /* LaunchScreen.storyboard in Resources */,
				3D8FF22C23174EA400E51F09 /* Assets.xcassets in Resources */,
				3DF510FC231C7F02002CEF5B /* GoogleService-Info.plist in Resources */,
			);
			runOnlyForDeploymentPostprocessing = 0;
		};
/* End PBXResourcesBuildPhase section */

/* Begin PBXShellScriptBuildPhase section */
		4D3EF07F75C5C43FD2CB0D72 /* [CP] Check Pods Manifest.lock */ = {
			isa = PBXShellScriptBuildPhase;
			buildActionMask = 2147483647;
			files = (
			);
			inputPaths = (
				"${PODS_PODFILE_DIR_PATH}/Podfile.lock",
				"${PODS_ROOT}/Manifest.lock",
			);
			name = "[CP] Check Pods Manifest.lock";
			outputPaths = (
				"$(DERIVED_FILE_DIR)/Pods-Reader-checkManifestLockResult.txt",
			);
			runOnlyForDeploymentPostprocessing = 0;
			shellPath = /bin/sh;
			shellScript = "diff \"${PODS_PODFILE_DIR_PATH}/Podfile.lock\" \"${PODS_ROOT}/Manifest.lock\" > /dev/null\nif [ $? != 0 ] ; then\n    # print error to STDERR\n    echo \"error: The sandbox is not in sync with the Podfile.lock. Run 'pod install' or update your CocoaPods installation.\" >&2\n    exit 1\nfi\n# This output is used by Xcode 'outputs' to avoid re-running this script phase.\necho \"SUCCESS\" > \"${SCRIPT_OUTPUT_FILE_0}\"\n";
			showEnvVarsInLog = 0;
		};
		6682EF556AE054D3699A12BF /* [CP] Copy Pods Resources */ = {
			isa = PBXShellScriptBuildPhase;
			buildActionMask = 2147483647;
			files = (
			);
			inputFileListPaths = (
				"${PODS_ROOT}/Target Support Files/Pods-Reader/Pods-Reader-resources-${CONFIGURATION}-input-files.xcfilelist",
			);
			name = "[CP] Copy Pods Resources";
			outputFileListPaths = (
				"${PODS_ROOT}/Target Support Files/Pods-Reader/Pods-Reader-resources-${CONFIGURATION}-output-files.xcfilelist",
			);
			runOnlyForDeploymentPostprocessing = 0;
			shellPath = /bin/sh;
			shellScript = "\"${PODS_ROOT}/Target Support Files/Pods-Reader/Pods-Reader-resources.sh\"\n";
			showEnvVarsInLog = 0;
		};
		BC11F0092DBA10442B164E2E /* [CP] Embed Pods Frameworks */ = {
			isa = PBXShellScriptBuildPhase;
			buildActionMask = 2147483647;
			files = (
			);
			inputFileListPaths = (
				"${PODS_ROOT}/Target Support Files/Pods-Reader/Pods-Reader-frameworks-${CONFIGURATION}-input-files.xcfilelist",
			);
			name = "[CP] Embed Pods Frameworks";
			outputFileListPaths = (
				"${PODS_ROOT}/Target Support Files/Pods-Reader/Pods-Reader-frameworks-${CONFIGURATION}-output-files.xcfilelist",
			);
			runOnlyForDeploymentPostprocessing = 0;
			shellPath = /bin/sh;
			shellScript = "\"${PODS_ROOT}/Target Support Files/Pods-Reader/Pods-Reader-frameworks.sh\"\n";
			showEnvVarsInLog = 0;
		};
/* End PBXShellScriptBuildPhase section */

/* Begin PBXSourcesBuildPhase section */
		3D8FF21D23174EA300E51F09 /* Sources */ = {
			isa = PBXSourcesBuildPhase;
			buildActionMask = 2147483647;
			files = (
				3DA7D02E231CE1F00092A9F0 /* SpeedReadViewController.swift in Sources */,
				3D497C6B2339B7A800437B97 /* Colors.swift in Sources */,
				3D8FF23723174F1700E51F09 /* SpeechViewController.swift in Sources */,
				3D8FF22523174EA300E51F09 /* AppDelegate.swift in Sources */,
				3D8FF2392318AA4E00E51F09 /* ScanViewController.swift in Sources */,
				3D8D3667234EC554001DFFA8 /* SpeechRecognizer.swift in Sources */,
				3DBE9784232E8D0200077C36 /* CustomButton.swift in Sources */,
				3DE081EA232B5D85009D3680 /* ReadViewController.swift in Sources */,
				3D5448A8234ADC9E00B50888 /* ReadingChoicesViewController.swift in Sources */,
				3D087160231F524D00CBD3AB /* InputTextController.swift in Sources */,
			);
			runOnlyForDeploymentPostprocessing = 0;
		};
/* End PBXSourcesBuildPhase section */

/* Begin PBXVariantGroup section */
		3D8FF22D23174EA400E51F09 /* LaunchScreen.storyboard */ = {
			isa = PBXVariantGroup;
			children = (
				3D8FF22E23174EA400E51F09 /* Base */,
			);
			name = LaunchScreen.storyboard;
			sourceTree = "<group>";
		};
/* End PBXVariantGroup section */

/* Begin XCBuildConfiguration section */
		3D8FF23123174EA400E51F09 /* Debug */ = {
			isa = XCBuildConfiguration;
			buildSettings = {
				ALWAYS_SEARCH_USER_PATHS = NO;
				CLANG_ANALYZER_NONNULL = YES;
				CLANG_ANALYZER_NUMBER_OBJECT_CONVERSION = YES_AGGRESSIVE;
				CLANG_CXX_LANGUAGE_STANDARD = "gnu++14";
				CLANG_CXX_LIBRARY = "libc++";
				CLANG_ENABLE_MODULES = YES;
				CLANG_ENABLE_OBJC_ARC = YES;
				CLANG_ENABLE_OBJC_WEAK = YES;
				CLANG_WARN_BLOCK_CAPTURE_AUTORELEASING = YES;
				CLANG_WARN_BOOL_CONVERSION = YES;
				CLANG_WARN_COMMA = YES;
				CLANG_WARN_CONSTANT_CONVERSION = YES;
				CLANG_WARN_DEPRECATED_OBJC_IMPLEMENTATIONS = YES;
				CLANG_WARN_DIRECT_OBJC_ISA_USAGE = YES_ERROR;
				CLANG_WARN_DOCUMENTATION_COMMENTS = YES;
				CLANG_WARN_EMPTY_BODY = YES;
				CLANG_WARN_ENUM_CONVERSION = YES;
				CLANG_WARN_INFINITE_RECURSION = YES;
				CLANG_WARN_INT_CONVERSION = YES;
				CLANG_WARN_NON_LITERAL_NULL_CONVERSION = YES;
				CLANG_WARN_OBJC_IMPLICIT_RETAIN_SELF = YES;
				CLANG_WARN_OBJC_LITERAL_CONVERSION = YES;
				CLANG_WARN_OBJC_ROOT_CLASS = YES_ERROR;
				CLANG_WARN_RANGE_LOOP_ANALYSIS = YES;
				CLANG_WARN_STRICT_PROTOTYPES = YES;
				CLANG_WARN_SUSPICIOUS_MOVE = YES;
				CLANG_WARN_UNGUARDED_AVAILABILITY = YES_AGGRESSIVE;
				CLANG_WARN_UNREACHABLE_CODE = YES;
				CLANG_WARN__DUPLICATE_METHOD_MATCH = YES;
				CODE_SIGN_IDENTITY = "iPhone Developer";
				COPY_PHASE_STRIP = NO;
				DEBUG_INFORMATION_FORMAT = dwarf;
				ENABLE_STRICT_OBJC_MSGSEND = YES;
				ENABLE_TESTABILITY = YES;
				GCC_C_LANGUAGE_STANDARD = gnu11;
				GCC_DYNAMIC_NO_PIC = NO;
				GCC_NO_COMMON_BLOCKS = YES;
				GCC_OPTIMIZATION_LEVEL = 0;
				GCC_PREPROCESSOR_DEFINITIONS = (
					"DEBUG=1",
					"$(inherited)",
				);
				GCC_WARN_64_TO_32_BIT_CONVERSION = YES;
				GCC_WARN_ABOUT_RETURN_TYPE = YES_ERROR;
				GCC_WARN_UNDECLARED_SELECTOR = YES;
				GCC_WARN_UNINITIALIZED_AUTOS = YES_AGGRESSIVE;
				GCC_WARN_UNUSED_FUNCTION = YES;
				GCC_WARN_UNUSED_VARIABLE = YES;
				IPHONEOS_DEPLOYMENT_TARGET = 12.4;
				MTL_ENABLE_DEBUG_INFO = INCLUDE_SOURCE;
				MTL_FAST_MATH = YES;
				ONLY_ACTIVE_ARCH = YES;
				SDKROOT = iphoneos;
				SWIFT_ACTIVE_COMPILATION_CONDITIONS = DEBUG;
				SWIFT_OPTIMIZATION_LEVEL = "-Onone";
			};
			name = Debug;
		};
		3D8FF23223174EA400E51F09 /* Release */ = {
			isa = XCBuildConfiguration;
			buildSettings = {
				ALWAYS_SEARCH_USER_PATHS = NO;
				CLANG_ANALYZER_NONNULL = YES;
				CLANG_ANALYZER_NUMBER_OBJECT_CONVERSION = YES_AGGRESSIVE;
				CLANG_CXX_LANGUAGE_STANDARD = "gnu++14";
				CLANG_CXX_LIBRARY = "libc++";
				CLANG_ENABLE_MODULES = YES;
				CLANG_ENABLE_OBJC_ARC = YES;
				CLANG_ENABLE_OBJC_WEAK = YES;
				CLANG_WARN_BLOCK_CAPTURE_AUTORELEASING = YES;
				CLANG_WARN_BOOL_CONVERSION = YES;
				CLANG_WARN_COMMA = YES;
				CLANG_WARN_CONSTANT_CONVERSION = YES;
				CLANG_WARN_DEPRECATED_OBJC_IMPLEMENTATIONS = YES;
				CLANG_WARN_DIRECT_OBJC_ISA_USAGE = YES_ERROR;
				CLANG_WARN_DOCUMENTATION_COMMENTS = YES;
				CLANG_WARN_EMPTY_BODY = YES;
				CLANG_WARN_ENUM_CONVERSION = YES;
				CLANG_WARN_INFINITE_RECURSION = YES;
				CLANG_WARN_INT_CONVERSION = YES;
				CLANG_WARN_NON_LITERAL_NULL_CONVERSION = YES;
				CLANG_WARN_OBJC_IMPLICIT_RETAIN_SELF = YES;
				CLANG_WARN_OBJC_LITERAL_CONVERSION = YES;
				CLANG_WARN_OBJC_ROOT_CLASS = YES_ERROR;
				CLANG_WARN_RANGE_LOOP_ANALYSIS = YES;
				CLANG_WARN_STRICT_PROTOTYPES = YES;
				CLANG_WARN_SUSPICIOUS_MOVE = YES;
				CLANG_WARN_UNGUARDED_AVAILABILITY = YES_AGGRESSIVE;
				CLANG_WARN_UNREACHABLE_CODE = YES;
				CLANG_WARN__DUPLICATE_METHOD_MATCH = YES;
				CODE_SIGN_IDENTITY = "iPhone Developer";
				COPY_PHASE_STRIP = NO;
				DEBUG_INFORMATION_FORMAT = "dwarf-with-dsym";
				ENABLE_NS_ASSERTIONS = NO;
				ENABLE_STRICT_OBJC_MSGSEND = YES;
				GCC_C_LANGUAGE_STANDARD = gnu11;
				GCC_NO_COMMON_BLOCKS = YES;
				GCC_WARN_64_TO_32_BIT_CONVERSION = YES;
				GCC_WARN_ABOUT_RETURN_TYPE = YES_ERROR;
				GCC_WARN_UNDECLARED_SELECTOR = YES;
				GCC_WARN_UNINITIALIZED_AUTOS = YES_AGGRESSIVE;
				GCC_WARN_UNUSED_FUNCTION = YES;
				GCC_WARN_UNUSED_VARIABLE = YES;
				IPHONEOS_DEPLOYMENT_TARGET = 12.4;
				MTL_ENABLE_DEBUG_INFO = NO;
				MTL_FAST_MATH = YES;
				SDKROOT = iphoneos;
				SWIFT_COMPILATION_MODE = wholemodule;
				SWIFT_OPTIMIZATION_LEVEL = "-O";
				VALIDATE_PRODUCT = YES;
			};
			name = Release;
		};
		3D8FF23423174EA400E51F09 /* Debug */ = {
			isa = XCBuildConfiguration;
			baseConfigurationReference = B79ECB19762986EEC5F66A4F /* Pods-Reader.debug.xcconfig */;
			buildSettings = {
				ASSETCATALOG_COMPILER_APPICON_NAME = AppIcon;
				CODE_SIGN_STYLE = Automatic;
				DEVELOPMENT_TEAM = 3LN4LFZD99;
				INFOPLIST_FILE = Reader/Info.plist;
				IPHONEOS_DEPLOYMENT_TARGET = 13.0;
				LD_RUNPATH_SEARCH_PATHS = (
					"$(inherited)",
					"@executable_path/Frameworks",
				);
				PRODUCT_BUNDLE_IDENTIFIER = com.ryanschefske.Reader;
				PRODUCT_NAME = SmartRead;
				SWIFT_VERSION = 5.0;
				TARGETED_DEVICE_FAMILY = "1,2";
			};
			name = Debug;
		};
		3D8FF23523174EA400E51F09 /* Release */ = {
			isa = XCBuildConfiguration;
			baseConfigurationReference = 590479781060737383D8E1F2 /* Pods-Reader.release.xcconfig */;
			buildSettings = {
				ASSETCATALOG_COMPILER_APPICON_NAME = AppIcon;
				CODE_SIGN_STYLE = Automatic;
				DEVELOPMENT_TEAM = 3LN4LFZD99;
				INFOPLIST_FILE = Reader/Info.plist;
				IPHONEOS_DEPLOYMENT_TARGET = 13.0;
				LD_RUNPATH_SEARCH_PATHS = (
					"$(inherited)",
					"@executable_path/Frameworks",
				);
				PRODUCT_BUNDLE_IDENTIFIER = com.ryanschefske.Reader;
				PRODUCT_NAME = SmartRead;
				SWIFT_VERSION = 5.0;
				TARGETED_DEVICE_FAMILY = "1,2";
			};
			name = Release;
		};
/* End XCBuildConfiguration section */

/* Begin XCConfigurationList section */
		3D8FF21C23174EA300E51F09 /* Build configuration list for PBXProject "Reader" */ = {
			isa = XCConfigurationList;
			buildConfigurations = (
				3D8FF23123174EA400E51F09 /* Debug */,
				3D8FF23223174EA400E51F09 /* Release */,
			);
			defaultConfigurationIsVisible = 0;
			defaultConfigurationName = Release;
		};
		3D8FF23323174EA400E51F09 /* Build configuration list for PBXNativeTarget "Reader" */ = {
			isa = XCConfigurationList;
			buildConfigurations = (
				3D8FF23423174EA400E51F09 /* Debug */,
				3D8FF23523174EA400E51F09 /* Release */,
			);
			defaultConfigurationIsVisible = 0;
			defaultConfigurationName = Release;
		};
/* End XCConfigurationList section */
	};
	rootObject = 3D8FF21923174EA300E51F09 /* Project object */;
}
