// !$*UTF8*$!
{
	archiveVersion = 1;
	classes = {
	};
	objectVersion = 54;
	objects = {

/* Begin PBXBuildFile section */
		1B67FD90A36F4D9CAC61CE81 /* UIApplication+Reader.swift in Sources */ = {isa = PBXBuildFile; fileRef = CC7C32CE8C53411BAB42A269 /* UIApplication+Reader.swift */; };
		3D32587F2EB1A5E500924689 /* ReadingHistoryView.swift in Sources */ = {isa = PBXBuildFile; fileRef = 3D32587D2EB1A5E500924689 /* ReadingHistoryView.swift */; };
		3D3258812EB1AD1600924689 /* StatsRepository.swift in Sources */ = {isa = PBXBuildFile; fileRef = 3D3258802EB1AD1600924689 /* StatsRepository.swift */; };
		3D3258832EB1AD2C00924689 /* ReadingStats.swift in Sources */ = {isa = PBXBuildFile; fileRef = 3D3258822EB1AD2C00924689 /* ReadingStats.swift */; };
		3D3258852EB1AD3B00924689 /* MainTabView.swift in Sources */ = {isa = PBXBuildFile; fileRef = 3D3258842EB1AD3B00924689 /* MainTabView.swift */; };
		3D32588E2EB1AD6B00924689 /* StatsView.swift in Sources */ = {isa = PBXBuildFile; fileRef = 3D32588C2EB1AD6B00924689 /* StatsView.swift */; };
		3D32588F2EB1AD6B00924689 /* StatCard.swift in Sources */ = {isa = PBXBuildFile; fileRef = 3D32588B2EB1AD6B00924689 /* StatCard.swift */; };
		3D35DAF6236DEC40005D7170 /* GoogleService-Info.plist in Resources */ = {isa = PBXBuildFile; fileRef = 3D35DAF5236DEC3F005D7170 /* GoogleService-Info.plist */; };
		3D497C6B2339B7A800437B97 /* Colors.swift in Sources */ = {isa = PBXBuildFile; fileRef = 3D497C6A2339B7A800437B97 /* Colors.swift */; };
		3D5029392EB056A8005F7731 /* GoogleMobileAds in Frameworks */ = {isa = PBXBuildFile; productRef = 3D5029382EB056A8005F7731 /* GoogleMobileAds */; };
		3D5029B42EB19F61005F7731 /* TextSummaryService.swift in Sources */ = {isa = PBXBuildFile; fileRef = 3D5029B32EB19F61005F7731 /* TextSummaryService.swift */; };
		3D5029B72EB19F78005F7731 /* SummaryView.swift in Sources */ = {isa = PBXBuildFile; fileRef = 3D5029B52EB19F78005F7731 /* SummaryView.swift */; };
		3D5029BB2EB19F9A005F7731 /* TextSummary.swift in Sources */ = {isa = PBXBuildFile; fileRef = 3D5029B92EB19F9A005F7731 /* TextSummary.swift */; };
		3D5029BC2EB19F9A005F7731 /* ReadingHistoryItem.swift in Sources */ = {isa = PBXBuildFile; fileRef = 3D5029B82EB19F9A005F7731 /* ReadingHistoryItem.swift */; };
		3D5029C12EB1A007005F7731 /* ReadingHistoryRepository.swift in Sources */ = {isa = PBXBuildFile; fileRef = 3D5029BF2EB1A007005F7731 /* ReadingHistoryRepository.swift */; };
		3D5029C22EB1A007005F7731 /* RatingManager.swift in Sources */ = {isa = PBXBuildFile; fileRef = 3D5029BE2EB1A007005F7731 /* RatingManager.swift */; };
		3D5029C32EB1A007005F7731 /* ShareManager.swift in Sources */ = {isa = PBXBuildFile; fileRef = 3D5029C02EB1A007005F7731 /* ShareManager.swift */; };
		3D5029C42EB1A007005F7731 /* HapticManager.swift in Sources */ = {isa = PBXBuildFile; fileRef = 3D5029BD2EB1A007005F7731 /* HapticManager.swift */; };
		3D8FF22523174EA300E51F09 /* AppDelegate.swift in Sources */ = {isa = PBXBuildFile; fileRef = 3D8FF22423174EA300E51F09 /* AppDelegate.swift */; };
		3D8FF22C23174EA400E51F09 /* Assets.xcassets in Resources */ = {isa = PBXBuildFile; fileRef = 3D8FF22B23174EA400E51F09 /* Assets.xcassets */; };
		3D8FF2392318AA4E00E51F09 /* ScanViewController.swift in Sources */ = {isa = PBXBuildFile; fileRef = 3D8FF2382318AA4E00E51F09 /* ScanViewController.swift */; };
		3DSR00012EB05ABC005F7731 /* SettingsRepository.swift in Sources */ = {isa = PBXBuildFile; fileRef = 3DSR00002EB05ABC005F7731 /* SettingsRepository.swift */; };
		3DSW00012EB06DEF005F7731 /* SpeechReadingView.swift in Sources */ = {isa = PBXBuildFile; fileRef = 3DSW00002EB06DEF005F7731 /* SpeechReadingView.swift */; };
		3DSW00032EB06DEF005F7731 /* SpeechReadingViewModel.swift in Sources */ = {isa = PBXBuildFile; fileRef = 3DSW00022EB06DEF005F7731 /* SpeechReadingViewModel.swift */; };
		3DSW00052EB06DEF005F7731 /* SpeechSettingsView.swift in Sources */ = {isa = PBXBuildFile; fileRef = 3DSW00042EB06DEF005F7731 /* SpeechSettingsView.swift */; };
		3DSW00072EB06DEF005F7731 /* SpeechSettingsViewModel.swift in Sources */ = {isa = PBXBuildFile; fileRef = 3DSW00062EB06DEF005F7731 /* SpeechSettingsViewModel.swift */; };
		3DSW00092EB06FFF005F7731 /* SpeedReadingView.swift in Sources */ = {isa = PBXBuildFile; fileRef = 3DSW00082EB06FFF005F7731 /* SpeedReadingView.swift */; };
		3DSW000B2EB06FFF005F7731 /* SpeedReadingViewModel.swift in Sources */ = {isa = PBXBuildFile; fileRef = 3DSW000A2EB06FFF005F7731 /* SpeedReadingViewModel.swift */; };
		3DSW000D2EB07111005F7731 /* ScrollReadingView.swift in Sources */ = {isa = PBXBuildFile; fileRef = 3DSW000C2EB07111005F7731 /* ScrollReadingView.swift */; };
		3DSW000F2EB07111005F7731 /* ScrollReadingViewModel.swift in Sources */ = {isa = PBXBuildFile; fileRef = 3DSW000E2EB07111005F7731 /* ScrollReadingViewModel.swift */; };
		3DSW00112EB07222005F7731 /* SpeechRecognizerView.swift in Sources */ = {isa = PBXBuildFile; fileRef = 3DSW00102EB07222005F7731 /* SpeechRecognizerView.swift */; };
		3DSW00132EB07222005F7731 /* SpeechRecognizerViewModel.swift in Sources */ = {isa = PBXBuildFile; fileRef = 3DSW00122EB07222005F7731 /* SpeechRecognizerViewModel.swift */; };
		4E9AFED5D74B432DBCA80D1A /* ReadingChoicesView.swift in Sources */ = {isa = PBXBuildFile; fileRef = 616A107E7DB3435F92CDC917 /* ReadingChoicesView.swift */; };
		649111EFE15741E68D2C52EB /* RootContainerView.swift in Sources */ = {isa = PBXBuildFile; fileRef = 8A0B4F84B07D4438BF5E01BC /* RootContainerView.swift */; };
		8CE9DB4651B9423FBA8459D0 /* InputTextView.swift in Sources */ = {isa = PBXBuildFile; fileRef = 2AA65668E6734DB5AE3C9D9D /* InputTextView.swift */; };
		9C3E820A0A8B4F9FADCDB7C3 /* AppError.swift in Sources */ = {isa = PBXBuildFile; fileRef = 9C3E820A0A8B4F9FADCDB7C2 /* AppError.swift */; };
		ADMAN001A0A8B4F9FADCDB7C3 /* AdManager.swift in Sources */ = {isa = PBXBuildFile; fileRef = ADMAN001A0A8B4F9FADCDB7C2 /* AdManager.swift */; };
		BC9D39DD4B9246A0880D6219 /* InputTextViewModel.swift in Sources */ = {isa = PBXBuildFile; fileRef = 0A63C32C972441F6B7E34CC2 /* InputTextViewModel.swift */; };
		CB078AF625AB4928A87B9D1F /* ReadingChoicesViewModel.swift in Sources */ = {isa = PBXBuildFile; fileRef = C84E8E2AF6844C489B71951B /* ReadingChoicesViewModel.swift */; };
		DA1C7BB0053B461B9E30F7B6 /* Color+Reader.swift in Sources */ = {isa = PBXBuildFile; fileRef = EE602FD24FD8488C96D6BB0B /* Color+Reader.swift */; };
		DC2105B52DC5434EA9E9C7F3 /* ReaderApp.swift in Sources */ = {isa = PBXBuildFile; fileRef = 1BE624BE9F0C49AC966BB42B /* ReaderApp.swift */; };
		F14697118218464AA92D90F3 /* LegacyIntegrationViews.swift in Sources */ = {isa = PBXBuildFile; fileRef = 6635641105A040ADBC3C0F96 /* LegacyIntegrationViews.swift */; };
/* End PBXBuildFile section */

/* Begin PBXCopyFilesBuildPhase section */
		3DE0EA20234C0E0400990D37 /* Embed Frameworks */ = {
			isa = PBXCopyFilesBuildPhase;
			buildActionMask = 2147483647;
			dstPath = "";
			dstSubfolderSpec = 10;
			files = (
			);
			name = "Embed Frameworks";
			runOnlyForDeploymentPostprocessing = 0;
		};
/* End PBXCopyFilesBuildPhase section */

/* Begin PBXFileReference section */
		0A63C32C972441F6B7E34CC2 /* InputTextViewModel.swift */ = {isa = PBXFileReference; lastKnownFileType = sourcecode.swift; path = InputTextViewModel.swift; sourceTree = "<group>"; };
		1BE624BE9F0C49AC966BB42B /* ReaderApp.swift */ = {isa = PBXFileReference; lastKnownFileType = sourcecode.swift; path = ReaderApp.swift; sourceTree = "<group>"; };
		2AA65668E6734DB5AE3C9D9D /* InputTextView.swift */ = {isa = PBXFileReference; lastKnownFileType = sourcecode.swift; path = InputTextView.swift; sourceTree = "<group>"; };
		3D32587D2EB1A5E500924689 /* ReadingHistoryView.swift */ = {isa = PBXFileReference; lastKnownFileType = sourcecode.swift; path = ReadingHistoryView.swift; sourceTree = "<group>"; };
		3D3258802EB1AD1600924689 /* StatsRepository.swift */ = {isa = PBXFileReference; lastKnownFileType = sourcecode.swift; path = StatsRepository.swift; sourceTree = "<group>"; };
		3D3258822EB1AD2C00924689 /* ReadingStats.swift */ = {isa = PBXFileReference; lastKnownFileType = sourcecode.swift; path = ReadingStats.swift; sourceTree = "<group>"; };
		3D3258842EB1AD3B00924689 /* MainTabView.swift */ = {isa = PBXFileReference; lastKnownFileType = sourcecode.swift; path = MainTabView.swift; sourceTree = "<group>"; };
		3D32588B2EB1AD6B00924689 /* StatCard.swift */ = {isa = PBXFileReference; lastKnownFileType = sourcecode.swift; path = StatCard.swift; sourceTree = "<group>"; };
		3D32588C2EB1AD6B00924689 /* StatsView.swift */ = {isa = PBXFileReference; lastKnownFileType = sourcecode.swift; path = StatsView.swift; sourceTree = "<group>"; };
		3D35DAF5236DEC3F005D7170 /* GoogleService-Info.plist */ = {isa = PBXFileReference; fileEncoding = 4; lastKnownFileType = text.plist.xml; path = "GoogleService-Info.plist"; sourceTree = "<group>"; };
		3D497C6A2339B7A800437B97 /* Colors.swift */ = {isa = PBXFileReference; lastKnownFileType = sourcecode.swift; path = Colors.swift; sourceTree = "<group>"; };
		3D5029B32EB19F61005F7731 /* TextSummaryService.swift */ = {isa = PBXFileReference; lastKnownFileType = sourcecode.swift; path = TextSummaryService.swift; sourceTree = "<group>"; };
		3D5029B52EB19F78005F7731 /* SummaryView.swift */ = {isa = PBXFileReference; lastKnownFileType = sourcecode.swift; path = SummaryView.swift; sourceTree = "<group>"; };
		3D5029B82EB19F9A005F7731 /* ReadingHistoryItem.swift */ = {isa = PBXFileReference; lastKnownFileType = sourcecode.swift; path = ReadingHistoryItem.swift; sourceTree = "<group>"; };
		3D5029B92EB19F9A005F7731 /* TextSummary.swift */ = {isa = PBXFileReference; lastKnownFileType = sourcecode.swift; path = TextSummary.swift; sourceTree = "<group>"; };
		3D5029BD2EB1A007005F7731 /* HapticManager.swift */ = {isa = PBXFileReference; lastKnownFileType = sourcecode.swift; path = HapticManager.swift; sourceTree = "<group>"; };
		3D5029BE2EB1A007005F7731 /* RatingManager.swift */ = {isa = PBXFileReference; lastKnownFileType = sourcecode.swift; path = RatingManager.swift; sourceTree = "<group>"; };
		3D5029BF2EB1A007005F7731 /* ReadingHistoryRepository.swift */ = {isa = PBXFileReference; lastKnownFileType = sourcecode.swift; path = ReadingHistoryRepository.swift; sourceTree = "<group>"; };
		3D5029C02EB1A007005F7731 /* ShareManager.swift */ = {isa = PBXFileReference; lastKnownFileType = sourcecode.swift; path = ShareManager.swift; sourceTree = "<group>"; };
		3D8FF22123174EA300E51F09 /* Scholarly.app */ = {isa = PBXFileReference; explicitFileType = wrapper.application; includeInIndex = 0; path = Scholarly.app; sourceTree = BUILT_PRODUCTS_DIR; };
		3D8FF22423174EA300E51F09 /* AppDelegate.swift */ = {isa = PBXFileReference; lastKnownFileType = sourcecode.swift; path = AppDelegate.swift; sourceTree = "<group>"; };
		3D8FF22B23174EA400E51F09 /* Assets.xcassets */ = {isa = PBXFileReference; lastKnownFileType = folder.assetcatalog; path = Assets.xcassets; sourceTree = "<group>"; };
		3D8FF23023174EA400E51F09 /* Info.plist */ = {isa = PBXFileReference; lastKnownFileType = text.plist.xml; path = Info.plist; sourceTree = "<group>"; };
		3D8FF2382318AA4E00E51F09 /* ScanViewController.swift */ = {isa = PBXFileReference; lastKnownFileType = sourcecode.swift; path = ScanViewController.swift; sourceTree = "<group>"; };
		3DSR00002EB05ABC005F7731 /* SettingsRepository.swift */ = {isa = PBXFileReference; lastKnownFileType = sourcecode.swift; path = SettingsRepository.swift; sourceTree = "<group>"; };
		3DSW00002EB06DEF005F7731 /* SpeechReadingView.swift */ = {isa = PBXFileReference; lastKnownFileType = sourcecode.swift; path = SpeechReadingView.swift; sourceTree = "<group>"; };
		3DSW00022EB06DEF005F7731 /* SpeechReadingViewModel.swift */ = {isa = PBXFileReference; lastKnownFileType = sourcecode.swift; path = SpeechReadingViewModel.swift; sourceTree = "<group>"; };
		3DSW00042EB06DEF005F7731 /* SpeechSettingsView.swift */ = {isa = PBXFileReference; lastKnownFileType = sourcecode.swift; path = SpeechSettingsView.swift; sourceTree = "<group>"; };
		3DSW00062EB06DEF005F7731 /* SpeechSettingsViewModel.swift */ = {isa = PBXFileReference; lastKnownFileType = sourcecode.swift; path = SpeechSettingsViewModel.swift; sourceTree = "<group>"; };
		3DSW00082EB06FFF005F7731 /* SpeedReadingView.swift */ = {isa = PBXFileReference; lastKnownFileType = sourcecode.swift; path = SpeedReadingView.swift; sourceTree = "<group>"; };
		3DSW000A2EB06FFF005F7731 /* SpeedReadingViewModel.swift */ = {isa = PBXFileReference; lastKnownFileType = sourcecode.swift; path = SpeedReadingViewModel.swift; sourceTree = "<group>"; };
		3DSW000C2EB07111005F7731 /* ScrollReadingView.swift */ = {isa = PBXFileReference; lastKnownFileType = sourcecode.swift; path = ScrollReadingView.swift; sourceTree = "<group>"; };
		3DSW000E2EB07111005F7731 /* ScrollReadingViewModel.swift */ = {isa = PBXFileReference; lastKnownFileType = sourcecode.swift; path = ScrollReadingViewModel.swift; sourceTree = "<group>"; };
		3DSW00102EB07222005F7731 /* SpeechRecognizerView.swift */ = {isa = PBXFileReference; lastKnownFileType = sourcecode.swift; path = SpeechRecognizerView.swift; sourceTree = "<group>"; };
		3DSW00122EB07222005F7731 /* SpeechRecognizerViewModel.swift */ = {isa = PBXFileReference; lastKnownFileType = sourcecode.swift; path = SpeechRecognizerViewModel.swift; sourceTree = "<group>"; };
		616A107E7DB3435F92CDC917 /* ReadingChoicesView.swift */ = {isa = PBXFileReference; lastKnownFileType = sourcecode.swift; path = ReadingChoicesView.swift; sourceTree = "<group>"; };
		6635641105A040ADBC3C0F96 /* LegacyIntegrationViews.swift */ = {isa = PBXFileReference; lastKnownFileType = sourcecode.swift; path = LegacyIntegrationViews.swift; sourceTree = "<group>"; };
		8A0B4F84B07D4438BF5E01BC /* RootContainerView.swift */ = {isa = PBXFileReference; lastKnownFileType = sourcecode.swift; path = RootContainerView.swift; sourceTree = "<group>"; };
		9C3E820A0A8B4F9FADCDB7C2 /* AppError.swift */ = {isa = PBXFileReference; lastKnownFileType = sourcecode.swift; path = AppError.swift; sourceTree = "<group>"; };
		ADMAN001A0A8B4F9FADCDB7C2 /* AdManager.swift */ = {isa = PBXFileReference; lastKnownFileType = sourcecode.swift; path = AdManager.swift; sourceTree = "<group>"; };
		C84E8E2AF6844C489B71951B /* ReadingChoicesViewModel.swift */ = {isa = PBXFileReference; lastKnownFileType = sourcecode.swift; path = ReadingChoicesViewModel.swift; sourceTree = "<group>"; };
		CC7C32CE8C53411BAB42A269 /* UIApplication+Reader.swift */ = {isa = PBXFileReference; lastKnownFileType = sourcecode.swift; path = "UIApplication+Reader.swift"; sourceTree = "<group>"; };
		EE602FD24FD8488C96D6BB0B /* Color+Reader.swift */ = {isa = PBXFileReference; lastKnownFileType = sourcecode.swift; path = "Color+Reader.swift"; sourceTree = "<group>"; };
/* End PBXFileReference section */

/* Begin PBXFrameworksBuildPhase section */
		3D8FF21E23174EA300E51F09 /* Frameworks */ = {
			isa = PBXFrameworksBuildPhase;
			buildActionMask = 2147483647;
			files = (
				3D5029392EB056A8005F7731 /* GoogleMobileAds in Frameworks */,
			);
			runOnlyForDeploymentPostprocessing = 0;
		};
/* End PBXFrameworksBuildPhase section */

/* Begin PBXGroup section */
		3D32587E2EB1A5E500924689 /* History */ = {
			isa = PBXGroup;
			children = (
				3D32587D2EB1A5E500924689 /* ReadingHistoryView.swift */,
			);
			path = History;
			sourceTree = "<group>";
		};
		3D32588D2EB1AD6B00924689 /* Stats */ = {
			isa = PBXGroup;
			children = (
				3D32588B2EB1AD6B00924689 /* StatCard.swift */,
				3D32588C2EB1AD6B00924689 /* StatsView.swift */,
			);
			path = Stats;
			sourceTree = "<group>";
		};
		3D35DAF2236DE8AD005D7170 /* Extensions */ = {
			isa = PBXGroup;
			children = (
				EE602FD24FD8488C96D6BB0B /* Color+Reader.swift */,
				CC7C32CE8C53411BAB42A269 /* UIApplication+Reader.swift */,
			);
			path = Extensions;
			sourceTree = "<group>";
		};
		3D5029B62EB19F78005F7731 /* Summary */ = {
			isa = PBXGroup;
			children = (
				3D5029B52EB19F78005F7731 /* SummaryView.swift */,
			);
			path = Summary;
			sourceTree = "<group>";
		};
		3D5029BA2EB19F9A005F7731 /* Models */ = {
			isa = PBXGroup;
			children = (
				3D3258822EB1AD2C00924689 /* ReadingStats.swift */,
				3D5029B82EB19F9A005F7731 /* ReadingHistoryItem.swift */,
				3D5029B92EB19F9A005F7731 /* TextSummary.swift */,
			);
			path = Models;
			sourceTree = "<group>";
		};
		3D5448A3234ADB1E00B50888 /* Support */ = {
			isa = PBXGroup;
			children = (
				3D8FF22423174EA300E51F09 /* AppDelegate.swift */,
				3D8FF22B23174EA400E51F09 /* Assets.xcassets */,
				3D35DAF5236DEC3F005D7170 /* GoogleService-Info.plist */,
			);
			path = Support;
			sourceTree = "<group>";
		};
		3D5448A6234ADB6A00B50888 /* Views */ = {
			isa = PBXGroup;
			children = (
				3D32588D2EB1AD6B00924689 /* Stats */,
				1BE624BE9F0C49AC966BB42B /* ReaderApp.swift */,
				8D58DCF73F334062A96FF640 /* Root */,
				AAB2540557A54882B2B5B7FC /* Input */,
				CED52ABDE2144BC2B9B95DCF /* Reading */,
				3DSWSET02EB06DEF005F7731 /* Settings */,
				3D5029B62EB19F78005F7731 /* Summary */,
				3D32587E2EB1A5E500924689 /* History */,
				DFA8A402C56B4B51A6705EC3 /* Legacy */,
			);
			path = Views;
			sourceTree = "<group>";
		};
		3D8FF21823174EA300E51F09 = {
			isa = PBXGroup;
			children = (
				3D8FF22323174EA300E51F09 /* Reader */,
				3D8FF22223174EA300E51F09 /* Products */,
			);
			sourceTree = "<group>";
		};
		3D8FF22223174EA300E51F09 /* Products */ = {
			isa = PBXGroup;
			children = (
				3D8FF22123174EA300E51F09 /* Scholarly.app */,
			);
			name = Products;
			sourceTree = "<group>";
		};
		3D8FF22323174EA300E51F09 /* Reader */ = {
			isa = PBXGroup;
			children = (
				3D8FF23023174EA400E51F09 /* Info.plist */,
				3D5448A3234ADB1E00B50888 /* Support */,
				3D5029BA2EB19F9A005F7731 /* Models */,
				3D5448A6234ADB6A00B50888 /* Views */,
				85A40649A4B143C696BAB3F5 /* Services */,
				7A84D34D84614CC3935F8A1F /* Utilities */,
				3D35DAF2236DE8AD005D7170 /* Extensions */,
			);
			path = Reader;
			sourceTree = "<group>";
		};
		3DSWSET02EB06DEF005F7731 /* Settings */ = {
			isa = PBXGroup;
			children = (
				3DSW00042EB06DEF005F7731 /* SpeechSettingsView.swift */,
				3DSW00062EB06DEF005F7731 /* SpeechSettingsViewModel.swift */,
			);
			path = Settings;
			sourceTree = "<group>";
		};
		7A84D34D84614CC3935F8A1F /* Utilities */ = {
			isa = PBXGroup;
			children = (
				9C3E820A0A8B4F9FADCDB7C2 /* AppError.swift */,
				3D497C6A2339B7A800437B97 /* Colors.swift */,
			);
			path = Utilities;
			sourceTree = "<group>";
		};
		85A40649A4B143C696BAB3F5 /* Services */ = {
			isa = PBXGroup;
			children = (
				3D3258802EB1AD1600924689 /* StatsRepository.swift */,
				3D5029BD2EB1A007005F7731 /* HapticManager.swift */,
				3D5029BE2EB1A007005F7731 /* RatingManager.swift */,
				3D5029BF2EB1A007005F7731 /* ReadingHistoryRepository.swift */,
				3D5029C02EB1A007005F7731 /* ShareManager.swift */,
				ADMAN001A0A8B4F9FADCDB7C2 /* AdManager.swift */,
				3DSR00002EB05ABC005F7731 /* SettingsRepository.swift */,
				3D5029B32EB19F61005F7731 /* TextSummaryService.swift */,
			);
			path = Services;
			sourceTree = "<group>";
		};
		8D58DCF73F334062A96FF640 /* Root */ = {
			isa = PBXGroup;
			children = (
				3D3258842EB1AD3B00924689 /* MainTabView.swift */,
				8A0B4F84B07D4438BF5E01BC /* RootContainerView.swift */,
			);
			path = Root;
			sourceTree = "<group>";
		};
		AAB2540557A54882B2B5B7FC /* Input */ = {
			isa = PBXGroup;
			children = (
				2AA65668E6734DB5AE3C9D9D /* InputTextView.swift */,
				0A63C32C972441F6B7E34CC2 /* InputTextViewModel.swift */,
				3DSW00102EB07222005F7731 /* SpeechRecognizerView.swift */,
				3DSW00122EB07222005F7731 /* SpeechRecognizerViewModel.swift */,
			);
			path = Input;
			sourceTree = "<group>";
		};
		CED52ABDE2144BC2B9B95DCF /* Reading */ = {
			isa = PBXGroup;
			children = (
				616A107E7DB3435F92CDC917 /* ReadingChoicesView.swift */,
				C84E8E2AF6844C489B71951B /* ReadingChoicesViewModel.swift */,
				3DSW00002EB06DEF005F7731 /* SpeechReadingView.swift */,
				3DSW00022EB06DEF005F7731 /* SpeechReadingViewModel.swift */,
				3DSW00082EB06FFF005F7731 /* SpeedReadingView.swift */,
				3DSW000A2EB06FFF005F7731 /* SpeedReadingViewModel.swift */,
				3DSW000C2EB07111005F7731 /* ScrollReadingView.swift */,
				3DSW000E2EB07111005F7731 /* ScrollReadingViewModel.swift */,
			);
			path = Reading;
			sourceTree = "<group>";
		};
		DFA8A402C56B4B51A6705EC3 /* Legacy */ = {
			isa = PBXGroup;
			children = (
				6635641105A040ADBC3C0F96 /* LegacyIntegrationViews.swift */,
				3D8FF2382318AA4E00E51F09 /* ScanViewController.swift */,
			);
			path = Legacy;
			sourceTree = "<group>";
		};
/* End PBXGroup section */

/* Begin PBXNativeTarget section */
		3D8FF22023174EA300E51F09 /* Reader */ = {
			isa = PBXNativeTarget;
			buildConfigurationList = 3D8FF23323174EA400E51F09 /* Build configuration list for PBXNativeTarget "Reader" */;
			buildPhases = (
				3D8FF21D23174EA300E51F09 /* Sources */,
				3D8FF21E23174EA300E51F09 /* Frameworks */,
				3D8FF21F23174EA300E51F09 /* Resources */,
				3DE0EA20234C0E0400990D37 /* Embed Frameworks */,
			);
			buildRules = (
			);
			dependencies = (
			);
			name = Reader;
			productName = Reader;
			productReference = 3D8FF22123174EA300E51F09 /* Scholarly.app */;
			productType = "com.apple.product-type.application";
		};
/* End PBXNativeTarget section */

/* Begin PBXProject section */
		3D8FF21923174EA300E51F09 /* Project object */ = {
			isa = PBXProject;
			attributes = {
				LastSwiftUpdateCheck = 1030;
				LastUpgradeCheck = 1030;
				ORGANIZATIONNAME = "Ryan Schefske";
				TargetAttributes = {
					3D8FF22023174EA300E51F09 = {
						CreatedOnToolsVersion = 10.3;
					};
				};
			};
			buildConfigurationList = 3D8FF21C23174EA300E51F09 /* Build configuration list for PBXProject "Reader" */;
			compatibilityVersion = "Xcode 9.3";
			developmentRegion = en;
			hasScannedForEncodings = 0;
			knownRegions = (
				en,
				Base,
			);
			mainGroup = 3D8FF21823174EA300E51F09;
			packageReferences = (
				3D5029372EB056A8005F7731 /* XCRemoteSwiftPackageReference "swift-package-manager-google-mobile-ads" */,
			);
			productRefGroup = 3D8FF22223174EA300E51F09 /* Products */;
			projectDirPath = "";
			projectRoot = "";
			targets = (
				3D8FF22023174EA300E51F09 /* Reader */,
			);
		};
/* End PBXProject section */

/* Begin PBXResourcesBuildPhase section */
		3D8FF21F23174EA300E51F09 /* Resources */ = {
			isa = PBXResourcesBuildPhase;
			buildActionMask = 2147483647;
			files = (
				3D8FF22C23174EA400E51F09 /* Assets.xcassets in Resources */,
				3D35DAF6236DEC40005D7170 /* GoogleService-Info.plist in Resources */,
			);
			runOnlyForDeploymentPostprocessing = 0;
		};
/* End PBXResourcesBuildPhase section */

/* Begin PBXSourcesBuildPhase section */
		3D8FF21D23174EA300E51F09 /* Sources */ = {
			isa = PBXSourcesBuildPhase;
			buildActionMask = 2147483647;
			files = (
				ADMAN001A0A8B4F9FADCDB7C3 /* AdManager.swift in Sources */,
				9C3E820A0A8B4F9FADCDB7C3 /* AppError.swift in Sources */,
				3D32587F2EB1A5E500924689 /* ReadingHistoryView.swift in Sources */,
				3D3258812EB1AD1600924689 /* StatsRepository.swift in Sources */,
				3D497C6B2339B7A800437B97 /* Colors.swift in Sources */,
				3D8FF22523174EA300E51F09 /* AppDelegate.swift in Sources */,
				3D8FF2392318AA4E00E51F09 /* ScanViewController.swift in Sources */,
				DC2105B52DC5434EA9E9C7F3 /* ReaderApp.swift in Sources */,
				649111EFE15741E68D2C52EB /* RootContainerView.swift in Sources */,
				8CE9DB4651B9423FBA8459D0 /* InputTextView.swift in Sources */,
				BC9D39DD4B9246A0880D6219 /* InputTextViewModel.swift in Sources */,
				3D5029BB2EB19F9A005F7731 /* TextSummary.swift in Sources */,
				3D5029BC2EB19F9A005F7731 /* ReadingHistoryItem.swift in Sources */,
				3D5029B42EB19F61005F7731 /* TextSummaryService.swift in Sources */,
				3D3258832EB1AD2C00924689 /* ReadingStats.swift in Sources */,
				DA1C7BB0053B461B9E30F7B6 /* Color+Reader.swift in Sources */,
				3D3258852EB1AD3B00924689 /* MainTabView.swift in Sources */,
				3D32588E2EB1AD6B00924689 /* StatsView.swift in Sources */,
				3D32588F2EB1AD6B00924689 /* StatCard.swift in Sources */,
				F14697118218464AA92D90F3 /* LegacyIntegrationViews.swift in Sources */,
				4E9AFED5D74B432DBCA80D1A /* ReadingChoicesView.swift in Sources */,
				CB078AF625AB4928A87B9D1F /* ReadingChoicesViewModel.swift in Sources */,
				3D5029C12EB1A007005F7731 /* ReadingHistoryRepository.swift in Sources */,
				3D5029C22EB1A007005F7731 /* RatingManager.swift in Sources */,
				3D5029C32EB1A007005F7731 /* ShareManager.swift in Sources */,
				3D5029C42EB1A007005F7731 /* HapticManager.swift in Sources */,
				1B67FD90A36F4D9CAC61CE81 /* UIApplication+Reader.swift in Sources */,
				3DSR00012EB05ABC005F7731 /* SettingsRepository.swift in Sources */,
				3DSW00012EB06DEF005F7731 /* SpeechReadingView.swift in Sources */,
				3D5029B72EB19F78005F7731 /* SummaryView.swift in Sources */,
				3DSW00032EB06DEF005F7731 /* SpeechReadingViewModel.swift in Sources */,
				3DSW00052EB06DEF005F7731 /* SpeechSettingsView.swift in Sources */,
				3DSW00072EB06DEF005F7731 /* SpeechSettingsViewModel.swift in Sources */,
				3DSW00092EB06FFF005F7731 /* SpeedReadingView.swift in Sources */,
				3DSW000B2EB06FFF005F7731 /* SpeedReadingViewModel.swift in Sources */,
				3DSW000D2EB07111005F7731 /* ScrollReadingView.swift in Sources */,
				3DSW000F2EB07111005F7731 /* ScrollReadingViewModel.swift in Sources */,
				3DSW00112EB07222005F7731 /* SpeechRecognizerView.swift in Sources */,
				3DSW00132EB07222005F7731 /* SpeechRecognizerViewModel.swift in Sources */,
			);
			runOnlyForDeploymentPostprocessing = 0;
		};
/* End PBXSourcesBuildPhase section */

/* Begin XCBuildConfiguration section */
		3D8FF23123174EA400E51F09 /* Debug */ = {
			isa = XCBuildConfiguration;
			buildSettings = {
				ALWAYS_SEARCH_USER_PATHS = NO;
				CLANG_ANALYZER_NONNULL = YES;
				CLANG_ANALYZER_NUMBER_OBJECT_CONVERSION = YES_AGGRESSIVE;
				CLANG_CXX_LANGUAGE_STANDARD = "gnu++14";
				CLANG_CXX_LIBRARY = "libc++";
				CLANG_ENABLE_MODULES = YES;
				CLANG_ENABLE_OBJC_ARC = YES;
				CLANG_ENABLE_OBJC_WEAK = YES;
				CLANG_WARN_BLOCK_CAPTURE_AUTORELEASING = YES;
				CLANG_WARN_BOOL_CONVERSION = YES;
				CLANG_WARN_COMMA = YES;
				CLANG_WARN_CONSTANT_CONVERSION = YES;
				CLANG_WARN_DEPRECATED_OBJC_IMPLEMENTATIONS = YES;
				CLANG_WARN_DIRECT_OBJC_ISA_USAGE = YES_ERROR;
				CLANG_WARN_DOCUMENTATION_COMMENTS = YES;
				CLANG_WARN_EMPTY_BODY = YES;
				CLANG_WARN_ENUM_CONVERSION = YES;
				CLANG_WARN_INFINITE_RECURSION = YES;
				CLANG_WARN_INT_CONVERSION = YES;
				CLANG_WARN_NON_LITERAL_NULL_CONVERSION = YES;
				CLANG_WARN_OBJC_IMPLICIT_RETAIN_SELF = YES;
				CLANG_WARN_OBJC_LITERAL_CONVERSION = YES;
				CLANG_WARN_OBJC_ROOT_CLASS = YES_ERROR;
				CLANG_WARN_RANGE_LOOP_ANALYSIS = YES;
				CLANG_WARN_STRICT_PROTOTYPES = YES;
				CLANG_WARN_SUSPICIOUS_MOVE = YES;
				CLANG_WARN_UNGUARDED_AVAILABILITY = YES_AGGRESSIVE;
				CLANG_WARN_UNREACHABLE_CODE = YES;
				CLANG_WARN__DUPLICATE_METHOD_MATCH = YES;
				CODE_SIGN_IDENTITY = "iPhone Developer";
				COPY_PHASE_STRIP = NO;
				DEBUG_INFORMATION_FORMAT = dwarf;
				ENABLE_STRICT_OBJC_MSGSEND = YES;
				ENABLE_TESTABILITY = YES;
				GCC_C_LANGUAGE_STANDARD = gnu11;
				GCC_DYNAMIC_NO_PIC = NO;
				GCC_NO_COMMON_BLOCKS = YES;
				GCC_OPTIMIZATION_LEVEL = 0;
				GCC_PREPROCESSOR_DEFINITIONS = (
					"DEBUG=1",
					"$(inherited)",
				);
				GCC_WARN_64_TO_32_BIT_CONVERSION = YES;
				GCC_WARN_ABOUT_RETURN_TYPE = YES_ERROR;
				GCC_WARN_UNDECLARED_SELECTOR = YES;
				GCC_WARN_UNINITIALIZED_AUTOS = YES_AGGRESSIVE;
				GCC_WARN_UNUSED_FUNCTION = YES;
				GCC_WARN_UNUSED_VARIABLE = YES;
				IPHONEOS_DEPLOYMENT_TARGET = 12.4;
				MTL_ENABLE_DEBUG_INFO = INCLUDE_SOURCE;
				MTL_FAST_MATH = YES;
				ONLY_ACTIVE_ARCH = YES;
				SDKROOT = iphoneos;
				SWIFT_ACTIVE_COMPILATION_CONDITIONS = DEBUG;
				SWIFT_OPTIMIZATION_LEVEL = "-Onone";
			};
			name = Debug;
		};
		3D8FF23223174EA400E51F09 /* Release */ = {
			isa = XCBuildConfiguration;
			buildSettings = {
				ALWAYS_SEARCH_USER_PATHS = NO;
				CLANG_ANALYZER_NONNULL = YES;
				CLANG_ANALYZER_NUMBER_OBJECT_CONVERSION = YES_AGGRESSIVE;
				CLANG_CXX_LANGUAGE_STANDARD = "gnu++14";
				CLANG_CXX_LIBRARY = "libc++";
				CLANG_ENABLE_MODULES = YES;
				CLANG_ENABLE_OBJC_ARC = YES;
				CLANG_ENABLE_OBJC_WEAK = YES;
				CLANG_WARN_BLOCK_CAPTURE_AUTORELEASING = YES;
				CLANG_WARN_BOOL_CONVERSION = YES;
				CLANG_WARN_COMMA = YES;
				CLANG_WARN_CONSTANT_CONVERSION = YES;
				CLANG_WARN_DEPRECATED_OBJC_IMPLEMENTATIONS = YES;
				CLANG_WARN_DIRECT_OBJC_ISA_USAGE = YES_ERROR;
				CLANG_WARN_DOCUMENTATION_COMMENTS = YES;
				CLANG_WARN_EMPTY_BODY = YES;
				CLANG_WARN_ENUM_CONVERSION = YES;
				CLANG_WARN_INFINITE_RECURSION = YES;
				CLANG_WARN_INT_CONVERSION = YES;
				CLANG_WARN_NON_LITERAL_NULL_CONVERSION = YES;
				CLANG_WARN_OBJC_IMPLICIT_RETAIN_SELF = YES;
				CLANG_WARN_OBJC_LITERAL_CONVERSION = YES;
				CLANG_WARN_OBJC_ROOT_CLASS = YES_ERROR;
				CLANG_WARN_RANGE_LOOP_ANALYSIS = YES;
				CLANG_WARN_STRICT_PROTOTYPES = YES;
				CLANG_WARN_SUSPICIOUS_MOVE = YES;
				CLANG_WARN_UNGUARDED_AVAILABILITY = YES_AGGRESSIVE;
				CLANG_WARN_UNREACHABLE_CODE = YES;
				CLANG_WARN__DUPLICATE_METHOD_MATCH = YES;
				CODE_SIGN_IDENTITY = "iPhone Developer";
				COPY_PHASE_STRIP = NO;
				DEBUG_INFORMATION_FORMAT = "dwarf-with-dsym";
				ENABLE_NS_ASSERTIONS = NO;
				ENABLE_STRICT_OBJC_MSGSEND = YES;
				GCC_C_LANGUAGE_STANDARD = gnu11;
				GCC_NO_COMMON_BLOCKS = YES;
				GCC_WARN_64_TO_32_BIT_CONVERSION = YES;
				GCC_WARN_ABOUT_RETURN_TYPE = YES_ERROR;
				GCC_WARN_UNDECLARED_SELECTOR = YES;
				GCC_WARN_UNINITIALIZED_AUTOS = YES_AGGRESSIVE;
				GCC_WARN_UNUSED_FUNCTION = YES;
				GCC_WARN_UNUSED_VARIABLE = YES;
				IPHONEOS_DEPLOYMENT_TARGET = 12.4;
				MTL_ENABLE_DEBUG_INFO = NO;
				MTL_FAST_MATH = YES;
				SDKROOT = iphoneos;
				SWIFT_COMPILATION_MODE = wholemodule;
				SWIFT_OPTIMIZATION_LEVEL = "-O";
				VALIDATE_PRODUCT = YES;
			};
			name = Release;
		};
		3D8FF23423174EA400E51F09 /* Debug */ = {
			isa = XCBuildConfiguration;
			buildSettings = {
				ASSETCATALOG_COMPILER_APPICON_NAME = AppIcon;
				CODE_SIGN_STYLE = Automatic;
				CURRENT_PROJECT_VERSION = 1;
				DEVELOPMENT_TEAM = 3LN4LFZD99;
				INFOPLIST_FILE = Reader/Info.plist;
				INFOPLIST_KEY_CFBundleDisplayName = Scholarly;
				INFOPLIST_KEY_LSApplicationCategoryType = "public.app-category.productivity";
				IPHONEOS_DEPLOYMENT_TARGET = 17.3;
				LD_RUNPATH_SEARCH_PATHS = (
					"$(inherited)",
					"@executable_path/Frameworks",
				);
				PRODUCT_BUNDLE_IDENTIFIER = com.ryanschefske.Reader;
				PRODUCT_NAME = Scholarly;
				SWIFT_VERSION = 5.0;
				TARGETED_DEVICE_FAMILY = "1,2";
			};
			name = Debug;
		};
		3D8FF23523174EA400E51F09 /* Release */ = {
			isa = XCBuildConfiguration;
			buildSettings = {
				ASSETCATALOG_COMPILER_APPICON_NAME = AppIcon;
				CODE_SIGN_STYLE = Automatic;
				CURRENT_PROJECT_VERSION = 1;
				DEVELOPMENT_TEAM = 3LN4LFZD99;
				INFOPLIST_FILE = Reader/Info.plist;
				INFOPLIST_KEY_CFBundleDisplayName = Scholarly;
				INFOPLIST_KEY_LSApplicationCategoryType = "public.app-category.productivity";
				IPHONEOS_DEPLOYMENT_TARGET = 17.3;
				LD_RUNPATH_SEARCH_PATHS = (
					"$(inherited)",
					"@executable_path/Frameworks",
				);
				PRODUCT_BUNDLE_IDENTIFIER = com.ryanschefske.Reader;
				PRODUCT_NAME = Scholarly;
				SWIFT_VERSION = 5.0;
				TARGETED_DEVICE_FAMILY = "1,2";
			};
			name = Release;
		};
/* End XCBuildConfiguration section */

/* Begin XCConfigurationList section */
		3D8FF21C23174EA300E51F09 /* Build configuration list for PBXProject "Reader" */ = {
			isa = XCConfigurationList;
			buildConfigurations = (
				3D8FF23123174EA400E51F09 /* Debug */,
				3D8FF23223174EA400E51F09 /* Release */,
			);
			defaultConfigurationIsVisible = 0;
			defaultConfigurationName = Release;
		};
		3D8FF23323174EA400E51F09 /* Build configuration list for PBXNativeTarget "Reader" */ = {
			isa = XCConfigurationList;
			buildConfigurations = (
				3D8FF23423174EA400E51F09 /* Debug */,
				3D8FF23523174EA400E51F09 /* Release */,
			);
			defaultConfigurationIsVisible = 0;
			defaultConfigurationName = Release;
		};
/* End XCConfigurationList section */

/* Begin XCRemoteSwiftPackageReference section */
		3D5029372EB056A8005F7731 /* XCRemoteSwiftPackageReference "swift-package-manager-google-mobile-ads" */ = {
			isa = XCRemoteSwiftPackageReference;
			repositoryURL = "https://github.com/googleads/swift-package-manager-google-mobile-ads";
			requirement = {
				kind = upToNextMajorVersion;
				minimumVersion = 12.12.0;
			};
		};
/* End XCRemoteSwiftPackageReference section */

/* Begin XCSwiftPackageProductDependency section */
		3D5029382EB056A8005F7731 /* GoogleMobileAds */ = {
			isa = XCSwiftPackageProductDependency;
			package = 3D5029372EB056A8005F7731 /* XCRemoteSwiftPackageReference "swift-package-manager-google-mobile-ads" */;
			productName = GoogleMobileAds;
		};
/* End XCSwiftPackageProductDependency section */
	};
	rootObject = 3D8FF21923174EA300E51F09 /* Project object */;
}
